
Microsoft Visual Studio Solution File, Format Version 12.00
# Visual Studio Version 17
VisualStudioVersion = 17.13.35825.156 d17.13
MinimumVisualStudioVersion = 10.0.40219.1
Project("{FAE04EC0-301F-11D3-BF4B-00C04F79EFBC}") = "APS0605", "APS0605\APS0605.csproj", "{FF7315B1-F752-4EFF-AA33-0B9712C83410}"
EndProject
Global
	GlobalSection(SolutionConfigurationPlatforms) = preSolution
		Debug|Any CPU = Debug|Any CPU
		Release|Any CPU = Release|Any CPU
	EndGlobalSection
	GlobalSection(ProjectConfigurationPlatforms) = postSolution
		{FF7315B1-F752-4EFF-AA33-0B9712C83410}.Debug|Any CPU.ActiveCfg = Debug|Any CPU
		{FF7315B1-F752-4EFF-AA33-0B9712C83410}.Debug|Any CPU.Build.0 = Debug|Any CPU
		{FF7315B1-F752-4EFF-AA33-0B9712C83410}.Release|Any CPU.ActiveCfg = Release|Any CPU
		{FF7315B1-F752-4EFF-AA33-0B9712C83410}.Release|Any CPU.Build.0 = Release|Any CPU
	EndGlobalSection
	GlobalSection(SolutionProperties) = preSolution
		HideSolutionNode = FALSE
	EndGlobalSection
	GlobalSection(ExtensibilityGlobals) = postSolution
		SolutionGuid = {A0CA06F4-9630-44A9-B963-EC98CB73C4FD}
	EndGlobalSection
EndGlobal
